
Microsoft Visual Studio Solution File, Format Version 12.00
# Visual Studio 14
VisualStudioVersion = 14.0.23107.0
MinimumVisualStudioVersion = 10.0.40219.1
Project("{FAE04EC0-301F-11D3-BF4B-00C04F79EFBC}") = "ConsoleApplication20", "ConsoleApplication20\ConsoleApplication20.csproj", "{13C6B3BF-71DD-4583-8173-9CF3A3EEC914}"
EndProject
Project("{FAE04EC0-301F-11D3-BF4B-00C04F79EFBC}") = "DemoKisseKatt", "DemoKisseKatt\DemoKisseKatt.csproj", "{493F3FD3-9F4D-4B61-AEE6-D22384ED182E}"
EndProject
Project("{FAE04EC0-301F-11D3-BF4B-00C04F79EFBC}") = "ExtensionThings", "ExtensionThings\ExtensionThings.csproj", "{EE577113-C197-40C3-84C7-3841043486C3}"
EndProject
Project("{FAE04EC0-301F-11D3-BF4B-00C04F79EFBC}") = "Konverteringar", "Konverteringar\Konverteringar.csproj", "{DF22560A-612B-401A-A2C1-1DAB3A135BB5}"
EndProject
Project("{FAE04EC0-301F-11D3-BF4B-00C04F79EFBC}") = "Kollektioner", "Kollektioner\Kollektioner.csproj", "{D58E4B0E-6464-4C13-B563-991C487A734D}"
EndProject
Project("{FAE04EC0-301F-11D3-BF4B-00C04F79EFBC}") = "Inventarie", "Inventarie\Inventarie.csproj", "{89FF952D-EFDF-4AAA-9BDD-AF9FE66E6BD8}"
EndProject
Project("{FAE04EC0-301F-11D3-BF4B-00C04F79EFBC}") = "Structisar", "Structisar\Structisar.csproj", "{37F35321-E638-44AE-81F6-9A9E15B27C17}"
EndProject
Project("{FAE04EC0-301F-11D3-BF4B-00C04F79EFBC}") = "StruktOperatorOverlagring", "StruktOperatorOverlagring\StruktOperatorOverlagring.csproj", "{3D5A779F-2E45-4687-B6BD-519A910AC95F}"
EndProject
Project("{FAE04EC0-301F-11D3-BF4B-00C04F79EFBC}") = "CatingThings", "CatingThings\CatingThings.csproj", "{0E5BA4E2-BA46-48D9-BD3E-3D9400A491EF}"
EndProject
Project("{FAE04EC0-301F-11D3-BF4B-00C04F79EFBC}") = "EnumMeny", "EnumMeny\EnumMeny.csproj", "{94F15955-A40B-4A51-BDA5-F875989FC046}"
EndProject
Project("{FAE04EC0-301F-11D3-BF4B-00C04F79EFBC}") = "EnumLurum", "EnumLurum\EnumLurum.csproj", "{59EE2FD3-C91D-49D4-BD81-8149A164E7D1}"
EndProject
Project("{FAE04EC0-301F-11D3-BF4B-00C04F79EFBC}") = "Interfaceus", "Interfaceus\Interfaceus.csproj", "{C7007BEC-5DEA-4B3C-A07F-3AA9A715B38F}"
EndProject
Global
	GlobalSection(SolutionConfigurationPlatforms) = preSolution
		Debug|Any CPU = Debug|Any CPU
		Release|Any CPU = Release|Any CPU
	EndGlobalSection
	GlobalSection(ProjectConfigurationPlatforms) = postSolution
		{13C6B3BF-71DD-4583-8173-9CF3A3EEC914}.Debug|Any CPU.ActiveCfg = Debug|Any CPU
		{13C6B3BF-71DD-4583-8173-9CF3A3EEC914}.Debug|Any CPU.Build.0 = Debug|Any CPU
		{13C6B3BF-71DD-4583-8173-9CF3A3EEC914}.Release|Any CPU.ActiveCfg = Release|Any CPU
		{13C6B3BF-71DD-4583-8173-9CF3A3EEC914}.Release|Any CPU.Build.0 = Release|Any CPU
		{493F3FD3-9F4D-4B61-AEE6-D22384ED182E}.Debug|Any CPU.ActiveCfg = Debug|Any CPU
		{493F3FD3-9F4D-4B61-AEE6-D22384ED182E}.Debug|Any CPU.Build.0 = Debug|Any CPU
		{493F3FD3-9F4D-4B61-AEE6-D22384ED182E}.Release|Any CPU.ActiveCfg = Release|Any CPU
		{493F3FD3-9F4D-4B61-AEE6-D22384ED182E}.Release|Any CPU.Build.0 = Release|Any CPU
		{EE577113-C197-40C3-84C7-3841043486C3}.Debug|Any CPU.ActiveCfg = Debug|Any CPU
		{EE577113-C197-40C3-84C7-3841043486C3}.Debug|Any CPU.Build.0 = Debug|Any CPU
		{EE577113-C197-40C3-84C7-3841043486C3}.Release|Any CPU.ActiveCfg = Release|Any CPU
		{EE577113-C197-40C3-84C7-3841043486C3}.Release|Any CPU.Build.0 = Release|Any CPU
		{DF22560A-612B-401A-A2C1-1DAB3A135BB5}.Debug|Any CPU.ActiveCfg = Debug|Any CPU
		{DF22560A-612B-401A-A2C1-1DAB3A135BB5}.Debug|Any CPU.Build.0 = Debug|Any CPU
		{DF22560A-612B-401A-A2C1-1DAB3A135BB5}.Release|Any CPU.ActiveCfg = Release|Any CPU
		{DF22560A-612B-401A-A2C1-1DAB3A135BB5}.Release|Any CPU.Build.0 = Release|Any CPU
		{D58E4B0E-6464-4C13-B563-991C487A734D}.Debug|Any CPU.ActiveCfg = Debug|Any CPU
		{D58E4B0E-6464-4C13-B563-991C487A734D}.Debug|Any CPU.Build.0 = Debug|Any CPU
		{D58E4B0E-6464-4C13-B563-991C487A734D}.Release|Any CPU.ActiveCfg = Release|Any CPU
		{D58E4B0E-6464-4C13-B563-991C487A734D}.Release|Any CPU.Build.0 = Release|Any CPU
		{89FF952D-EFDF-4AAA-9BDD-AF9FE66E6BD8}.Debug|Any CPU.ActiveCfg = Debug|Any CPU
		{89FF952D-EFDF-4AAA-9BDD-AF9FE66E6BD8}.Debug|Any CPU.Build.0 = Debug|Any CPU
		{89FF952D-EFDF-4AAA-9BDD-AF9FE66E6BD8}.Release|Any CPU.ActiveCfg = Release|Any CPU
		{89FF952D-EFDF-4AAA-9BDD-AF9FE66E6BD8}.Release|Any CPU.Build.0 = Release|Any CPU
		{37F35321-E638-44AE-81F6-9A9E15B27C17}.Debug|Any CPU.ActiveCfg = Debug|Any CPU
		{37F35321-E638-44AE-81F6-9A9E15B27C17}.Debug|Any CPU.Build.0 = Debug|Any CPU
		{37F35321-E638-44AE-81F6-9A9E15B27C17}.Release|Any CPU.ActiveCfg = Release|Any CPU
		{37F35321-E638-44AE-81F6-9A9E15B27C17}.Release|Any CPU.Build.0 = Release|Any CPU
		{3D5A779F-2E45-4687-B6BD-519A910AC95F}.Debug|Any CPU.ActiveCfg = Debug|Any CPU
		{3D5A779F-2E45-4687-B6BD-519A910AC95F}.Debug|Any CPU.Build.0 = Debug|Any CPU
		{3D5A779F-2E45-4687-B6BD-519A910AC95F}.Release|Any CPU.ActiveCfg = Release|Any CPU
		{3D5A779F-2E45-4687-B6BD-519A910AC95F}.Release|Any CPU.Build.0 = Release|Any CPU
		{0E5BA4E2-BA46-48D9-BD3E-3D9400A491EF}.Debug|Any CPU.ActiveCfg = Debug|Any CPU
		{0E5BA4E2-BA46-48D9-BD3E-3D9400A491EF}.Debug|Any CPU.Build.0 = Debug|Any CPU
		{0E5BA4E2-BA46-48D9-BD3E-3D9400A491EF}.Release|Any CPU.ActiveCfg = Release|Any CPU
		{0E5BA4E2-BA46-48D9-BD3E-3D9400A491EF}.Release|Any CPU.Build.0 = Release|Any CPU
		{94F15955-A40B-4A51-BDA5-F875989FC046}.Debug|Any CPU.ActiveCfg = Debug|Any CPU
		{94F15955-A40B-4A51-BDA5-F875989FC046}.Debug|Any CPU.Build.0 = Debug|Any CPU
		{94F15955-A40B-4A51-BDA5-F875989FC046}.Release|Any CPU.ActiveCfg = Release|Any CPU
		{94F15955-A40B-4A51-BDA5-F875989FC046}.Release|Any CPU.Build.0 = Release|Any CPU
		{59EE2FD3-C91D-49D4-BD81-8149A164E7D1}.Debug|Any CPU.ActiveCfg = Debug|Any CPU
		{59EE2FD3-C91D-49D4-BD81-8149A164E7D1}.Debug|Any CPU.Build.0 = Debug|Any CPU
		{59EE2FD3-C91D-49D4-BD81-8149A164E7D1}.Release|Any CPU.ActiveCfg = Release|Any CPU
		{59EE2FD3-C91D-49D4-BD81-8149A164E7D1}.Release|Any CPU.Build.0 = Release|Any CPU
		{C7007BEC-5DEA-4B3C-A07F-3AA9A715B38F}.Debug|Any CPU.ActiveCfg = Debug|Any CPU
		{C7007BEC-5DEA-4B3C-A07F-3AA9A715B38F}.Debug|Any CPU.Build.0 = Debug|Any CPU
		{C7007BEC-5DEA-4B3C-A07F-3AA9A715B38F}.Release|Any CPU.ActiveCfg = Release|Any CPU
		{C7007BEC-5DEA-4B3C-A07F-3AA9A715B38F}.Release|Any CPU.Build.0 = Release|Any CPU
	EndGlobalSection
	GlobalSection(SolutionProperties) = preSolution
		HideSolutionNode = FALSE
	EndGlobalSection
EndGlobal
