
Microsoft Visual Studio Solution File, Format Version 12.00
# Visual Studio 14
VisualStudioVersion = 14.0.23107.0
MinimumVisualStudioVersion = 10.0.40219.1
Project("{FAE04EC0-301F-11D3-BF4B-00C04F79EFBC}") = "ConsoleApplication20", "ConsoleApplication20\ConsoleApplication20.csproj", "{13C6B3BF-71DD-4583-8173-9CF3A3EEC914}"
EndProject
Project("{FAE04EC0-301F-11D3-BF4B-00C04F79EFBC}") = "DemoKisseKatt", "DemoKisseKatt\DemoKisseKatt.csproj", "{493F3FD3-9F4D-4B61-AEE6-D22384ED182E}"
EndProject
Project("{FAE04EC0-301F-11D3-BF4B-00C04F79EFBC}") = "ExtensionThings", "ExtensionThings\ExtensionThings.csproj", "{EE577113-C197-40C3-84C7-3841043486C3}"
EndProject
Project("{FAE04EC0-301F-11D3-BF4B-00C04F79EFBC}") = "Konverteringar", "Konverteringar\Konverteringar.csproj", "{DF22560A-612B-401A-A2C1-1DAB3A135BB5}"
EndProject
Global
	GlobalSection(SolutionConfigurationPlatforms) = preSolution
		Debug|Any CPU = Debug|Any CPU
		Release|Any CPU = Release|Any CPU
	EndGlobalSection
	GlobalSection(ProjectConfigurationPlatforms) = postSolution
		{13C6B3BF-71DD-4583-8173-9CF3A3EEC914}.Debug|Any CPU.ActiveCfg = Debug|Any CPU
		{13C6B3BF-71DD-4583-8173-9CF3A3EEC914}.Debug|Any CPU.Build.0 = Debug|Any CPU
		{13C6B3BF-71DD-4583-8173-9CF3A3EEC914}.Release|Any CPU.ActiveCfg = Release|Any CPU
		{13C6B3BF-71DD-4583-8173-9CF3A3EEC914}.Release|Any CPU.Build.0 = Release|Any CPU
		{493F3FD3-9F4D-4B61-AEE6-D22384ED182E}.Debug|Any CPU.ActiveCfg = Debug|Any CPU
		{493F3FD3-9F4D-4B61-AEE6-D22384ED182E}.Debug|Any CPU.Build.0 = Debug|Any CPU
		{493F3FD3-9F4D-4B61-AEE6-D22384ED182E}.Release|Any CPU.ActiveCfg = Release|Any CPU
		{493F3FD3-9F4D-4B61-AEE6-D22384ED182E}.Release|Any CPU.Build.0 = Release|Any CPU
		{EE577113-C197-40C3-84C7-3841043486C3}.Debug|Any CPU.ActiveCfg = Debug|Any CPU
		{EE577113-C197-40C3-84C7-3841043486C3}.Debug|Any CPU.Build.0 = Debug|Any CPU
		{EE577113-C197-40C3-84C7-3841043486C3}.Release|Any CPU.ActiveCfg = Release|Any CPU
		{EE577113-C197-40C3-84C7-3841043486C3}.Release|Any CPU.Build.0 = Release|Any CPU
		{DF22560A-612B-401A-A2C1-1DAB3A135BB5}.Debug|Any CPU.ActiveCfg = Debug|Any CPU
		{DF22560A-612B-401A-A2C1-1DAB3A135BB5}.Debug|Any CPU.Build.0 = Debug|Any CPU
		{DF22560A-612B-401A-A2C1-1DAB3A135BB5}.Release|Any CPU.ActiveCfg = Release|Any CPU
		{DF22560A-612B-401A-A2C1-1DAB3A135BB5}.Release|Any CPU.Build.0 = Release|Any CPU
	EndGlobalSection
	GlobalSection(SolutionProperties) = preSolution
		HideSolutionNode = FALSE
	EndGlobalSection
EndGlobal
